
Microsoft Visual Studio Solution File, Format Version 12.00
Project("{FAE04EC0-301F-11D3-BF4B-00C04F79EFBC}") = "RolandK.TimeTrack.Service", "src\RolandK.TimeTrack.Service\RolandK.TimeTrack.Service.csproj", "{05D85CE0-0154-41E8-A229-9157DBDAD8C2}"
EndProject
Project("{FAE04EC0-301F-11D3-BF4B-00C04F79EFBC}") = "RolandK.TimeTrack.Application", "src\RolandK.TimeTrack.Application\RolandK.TimeTrack.Application.csproj", "{534900C9-49E7-4B44-866D-60B829186F01}"
EndProject
Project("{2150E333-8FDC-42A3-9474-1A3956D46DE8}") = "IncomingAdapter", "IncomingAdapter", "{580BA189-E461-4BC9-B408-5EFFF3F3AB85}"
EndProject
Project("{2150E333-8FDC-42A3-9474-1A3956D46DE8}") = "OutgoingAdapter", "OutgoingAdapter", "{CC396AFC-7E63-47B5-A500-4E6CACCC6ED6}"
EndProject
Project("{FAE04EC0-301F-11D3-BF4B-00C04F79EFBC}") = "RolandK.TimeTrack.StaticTopicRepositoryAdapter", "src\RolandK.TimeTrack.StaticTopicRepositoryAdapter\RolandK.TimeTrack.StaticTopicRepositoryAdapter.csproj", "{23D1E0C1-0B3B-40A9-94EA-99AD6B06326F}"
EndProject
Project("{FAE04EC0-301F-11D3-BF4B-00C04F79EFBC}") = "RolandK.TimeTrack.Application.Tests", "src\RolandK.TimeTrack.Application.Tests\RolandK.TimeTrack.Application.Tests.csproj", "{C30DB666-A0D7-4A7E-9DE3-41ADCAC7719D}"
EndProject
Project("{FAE04EC0-301F-11D3-BF4B-00C04F79EFBC}") = "RolandK.TimeTrack.FileBasedTimeTrackingRepositoryAdapter", "src\RolandK.TimeTrack.FileBasedTimeTrackingRepositoryAdapter\RolandK.TimeTrack.FileBasedTimeTrackingRepositoryAdapter.csproj", "{952AD7CE-3829-415E-AD80-4842B9352C10}"
EndProject
Project("{FAE04EC0-301F-11D3-BF4B-00C04F79EFBC}") = "RolandK.TimeTrack.FileBasedTimeTrackingRepositoryAdapter.Tests", "src\RolandK.TimeTrack.FileBasedTimeTrackingRepositoryAdapter.Tests\RolandK.TimeTrack.FileBasedTimeTrackingRepositoryAdapter.Tests.csproj", "{F5AE1DA2-19F5-4EA4-9034-15C739FAD96D}"
EndProject
Project("{FAE04EC0-301F-11D3-BF4B-00C04F79EFBC}") = "RolandK.TimeTrack.Service.Tests", "src\RolandK.TimeTrack.Service.Tests\RolandK.TimeTrack.Service.Tests.csproj", "{98842AC2-A5BE-462A-AC53-66697E965E63}"
EndProject
Project("{FAE04EC0-301F-11D3-BF4B-00C04F79EFBC}") = "RolandK.TimeTrack.StaticTopicRepositoryAdapterTests", "src\RolandK.TimeTrack.StaticTopicRepositoryAdapterTests\RolandK.TimeTrack.StaticTopicRepositoryAdapterTests.csproj", "{FCEE73D6-9E5B-40E5-B4DE-CCF4F48C771C}"
EndProject
Project("{2150E333-8FDC-42A3-9474-1A3956D46DE8}") = "Config", "Config", "{B38631F9-901A-448E-BDC6-E69EF34DCBD3}"
	ProjectSection(SolutionItems) = preProject
		.dockerignore = .dockerignore
		.gitignore = .gitignore
		Directory.Build.props = Directory.Build.props
		global.json = global.json
	EndProjectSection
EndProject
Project("{FAE04EC0-301F-11D3-BF4B-00C04F79EFBC}") = "RolandK.TimeTrack.Service.ContainerTests", "src\RolandK.TimeTrack.Service.ContainerTests\RolandK.TimeTrack.Service.ContainerTests.csproj", "{58DE3D28-BEE6-419B-B0EA-2F53908BF438}"
EndProject
Global
	GlobalSection(SolutionConfigurationPlatforms) = preSolution
		Debug|Any CPU = Debug|Any CPU
		Release|Any CPU = Release|Any CPU
	EndGlobalSection
	GlobalSection(ProjectConfigurationPlatforms) = postSolution
		{05D85CE0-0154-41E8-A229-9157DBDAD8C2}.Debug|Any CPU.ActiveCfg = Debug|Any CPU
		{05D85CE0-0154-41E8-A229-9157DBDAD8C2}.Debug|Any CPU.Build.0 = Debug|Any CPU
		{05D85CE0-0154-41E8-A229-9157DBDAD8C2}.Release|Any CPU.ActiveCfg = Release|Any CPU
		{05D85CE0-0154-41E8-A229-9157DBDAD8C2}.Release|Any CPU.Build.0 = Release|Any CPU
		{534900C9-49E7-4B44-866D-60B829186F01}.Debug|Any CPU.ActiveCfg = Debug|Any CPU
		{534900C9-49E7-4B44-866D-60B829186F01}.Debug|Any CPU.Build.0 = Debug|Any CPU
		{534900C9-49E7-4B44-866D-60B829186F01}.Release|Any CPU.ActiveCfg = Release|Any CPU
		{534900C9-49E7-4B44-866D-60B829186F01}.Release|Any CPU.Build.0 = Release|Any CPU
		{23D1E0C1-0B3B-40A9-94EA-99AD6B06326F}.Debug|Any CPU.ActiveCfg = Debug|Any CPU
		{23D1E0C1-0B3B-40A9-94EA-99AD6B06326F}.Debug|Any CPU.Build.0 = Debug|Any CPU
		{23D1E0C1-0B3B-40A9-94EA-99AD6B06326F}.Release|Any CPU.ActiveCfg = Release|Any CPU
		{23D1E0C1-0B3B-40A9-94EA-99AD6B06326F}.Release|Any CPU.Build.0 = Release|Any CPU
		{C30DB666-A0D7-4A7E-9DE3-41ADCAC7719D}.Debug|Any CPU.ActiveCfg = Debug|Any CPU
		{C30DB666-A0D7-4A7E-9DE3-41ADCAC7719D}.Debug|Any CPU.Build.0 = Debug|Any CPU
		{C30DB666-A0D7-4A7E-9DE3-41ADCAC7719D}.Release|Any CPU.ActiveCfg = Release|Any CPU
		{C30DB666-A0D7-4A7E-9DE3-41ADCAC7719D}.Release|Any CPU.Build.0 = Release|Any CPU
		{952AD7CE-3829-415E-AD80-4842B9352C10}.Debug|Any CPU.ActiveCfg = Debug|Any CPU
		{952AD7CE-3829-415E-AD80-4842B9352C10}.Debug|Any CPU.Build.0 = Debug|Any CPU
		{952AD7CE-3829-415E-AD80-4842B9352C10}.Release|Any CPU.ActiveCfg = Release|Any CPU
		{952AD7CE-3829-415E-AD80-4842B9352C10}.Release|Any CPU.Build.0 = Release|Any CPU
		{F5AE1DA2-19F5-4EA4-9034-15C739FAD96D}.Debug|Any CPU.ActiveCfg = Debug|Any CPU
		{F5AE1DA2-19F5-4EA4-9034-15C739FAD96D}.Debug|Any CPU.Build.0 = Debug|Any CPU
		{F5AE1DA2-19F5-4EA4-9034-15C739FAD96D}.Release|Any CPU.ActiveCfg = Release|Any CPU
		{F5AE1DA2-19F5-4EA4-9034-15C739FAD96D}.Release|Any CPU.Build.0 = Release|Any CPU
		{98842AC2-A5BE-462A-AC53-66697E965E63}.Debug|Any CPU.ActiveCfg = Debug|Any CPU
		{98842AC2-A5BE-462A-AC53-66697E965E63}.Debug|Any CPU.Build.0 = Debug|Any CPU
		{98842AC2-A5BE-462A-AC53-66697E965E63}.Release|Any CPU.ActiveCfg = Release|Any CPU
		{98842AC2-A5BE-462A-AC53-66697E965E63}.Release|Any CPU.Build.0 = Release|Any CPU
		{FCEE73D6-9E5B-40E5-B4DE-CCF4F48C771C}.Debug|Any CPU.ActiveCfg = Debug|Any CPU
		{FCEE73D6-9E5B-40E5-B4DE-CCF4F48C771C}.Debug|Any CPU.Build.0 = Debug|Any CPU
		{FCEE73D6-9E5B-40E5-B4DE-CCF4F48C771C}.Release|Any CPU.ActiveCfg = Release|Any CPU
		{FCEE73D6-9E5B-40E5-B4DE-CCF4F48C771C}.Release|Any CPU.Build.0 = Release|Any CPU
		{58DE3D28-BEE6-419B-B0EA-2F53908BF438}.Debug|Any CPU.ActiveCfg = Debug|Any CPU
		{58DE3D28-BEE6-419B-B0EA-2F53908BF438}.Debug|Any CPU.Build.0 = Debug|Any CPU
		{58DE3D28-BEE6-419B-B0EA-2F53908BF438}.Release|Any CPU.ActiveCfg = Release|Any CPU
		{58DE3D28-BEE6-419B-B0EA-2F53908BF438}.Release|Any CPU.Build.0 = Release|Any CPU
	EndGlobalSection
	GlobalSection(NestedProjects) = preSolution
		{23D1E0C1-0B3B-40A9-94EA-99AD6B06326F} = {CC396AFC-7E63-47B5-A500-4E6CACCC6ED6}
		{05D85CE0-0154-41E8-A229-9157DBDAD8C2} = {580BA189-E461-4BC9-B408-5EFFF3F3AB85}
		{952AD7CE-3829-415E-AD80-4842B9352C10} = {CC396AFC-7E63-47B5-A500-4E6CACCC6ED6}
		{F5AE1DA2-19F5-4EA4-9034-15C739FAD96D} = {CC396AFC-7E63-47B5-A500-4E6CACCC6ED6}
		{98842AC2-A5BE-462A-AC53-66697E965E63} = {580BA189-E461-4BC9-B408-5EFFF3F3AB85}
		{FCEE73D6-9E5B-40E5-B4DE-CCF4F48C771C} = {CC396AFC-7E63-47B5-A500-4E6CACCC6ED6}
		{58DE3D28-BEE6-419B-B0EA-2F53908BF438} = {580BA189-E461-4BC9-B408-5EFFF3F3AB85}
	EndGlobalSection
EndGlobal
